
Microsoft Visual Studio Solution File, Format Version 12.00
# Visual Studio Version 16
VisualStudioVersion = 16.0.31624.102
MinimumVisualStudioVersion = 10.0.40219.1
Project("{8BC9CEB8-8B4A-11D0-8D11-00A0C91BC942}") = "30", "30.vcxproj", "{20EB773F-6AB5-4E2A-B1BA-07BAAA5E8B05}"
EndProject
Global
	GlobalSection(SolutionConfigurationPlatforms) = preSolution
		Debug|x64 = Debug|x64
		Debug|x86 = Debug|x86
		Release|x64 = Release|x64
		Release|x86 = Release|x86
	EndGlobalSection
	GlobalSection(ProjectConfigurationPlatforms) = postSolution
		{20EB773F-6AB5-4E2A-B1BA-07BAAA5E8B05}.Debug|x64.ActiveCfg = Debug|x64
		{20EB773F-6AB5-4E2A-B1BA-07BAAA5E8B05}.Debug|x64.Build.0 = Debug|x64
		{20EB773F-6AB5-4E2A-B1BA-07BAAA5E8B05}.Debug|x86.ActiveCfg = Debug|Win32
		{20EB773F-6AB5-4E2A-B1BA-07BAAA5E8B05}.Debug|x86.Build.0 = Debug|Win32
		{20EB773F-6AB5-4E2A-B1BA-07BAAA5E8B05}.Release|x64.ActiveCfg = Release|x64
		{20EB773F-6AB5-4E2A-B1BA-07BAAA5E8B05}.Release|x64.Build.0 = Release|x64
		{20EB773F-6AB5-4E2A-B1BA-07BAAA5E8B05}.Release|x86.ActiveCfg = Release|Win32
		{20EB773F-6AB5-4E2A-B1BA-07BAAA5E8B05}.Release|x86.Build.0 = Release|Win32
	EndGlobalSection
	GlobalSection(SolutionProperties) = preSolution
		HideSolutionNode = FALSE
	EndGlobalSection
	GlobalSection(ExtensibilityGlobals) = postSolution
		SolutionGuid = {BAC24209-D594-4393-A503-5CA2F9E4DD49}
	EndGlobalSection
EndGlobal
