
Microsoft Visual Studio Solution File, Format Version 12.00
# Visual Studio Version 16
VisualStudioVersion = 16.0.31624.102
MinimumVisualStudioVersion = 10.0.40219.1
Project("{8BC9CEB8-8B4A-11D0-8D11-00A0C91BC942}") = "21", "21.vcxproj", "{DE192A29-3389-473F-9209-B3B7062473AF}"
EndProject
Global
	GlobalSection(SolutionConfigurationPlatforms) = preSolution
		Debug|x64 = Debug|x64
		Debug|x86 = Debug|x86
		Release|x64 = Release|x64
		Release|x86 = Release|x86
	EndGlobalSection
	GlobalSection(ProjectConfigurationPlatforms) = postSolution
		{DE192A29-3389-473F-9209-B3B7062473AF}.Debug|x64.ActiveCfg = Debug|x64
		{DE192A29-3389-473F-9209-B3B7062473AF}.Debug|x64.Build.0 = Debug|x64
		{DE192A29-3389-473F-9209-B3B7062473AF}.Debug|x86.ActiveCfg = Debug|Win32
		{DE192A29-3389-473F-9209-B3B7062473AF}.Debug|x86.Build.0 = Debug|Win32
		{DE192A29-3389-473F-9209-B3B7062473AF}.Release|x64.ActiveCfg = Release|x64
		{DE192A29-3389-473F-9209-B3B7062473AF}.Release|x64.Build.0 = Release|x64
		{DE192A29-3389-473F-9209-B3B7062473AF}.Release|x86.ActiveCfg = Release|Win32
		{DE192A29-3389-473F-9209-B3B7062473AF}.Release|x86.Build.0 = Release|Win32
	EndGlobalSection
	GlobalSection(SolutionProperties) = preSolution
		HideSolutionNode = FALSE
	EndGlobalSection
	GlobalSection(ExtensibilityGlobals) = postSolution
		SolutionGuid = {1645CD92-4BD6-4DB5-BFE9-E28D89F201B9}
	EndGlobalSection
EndGlobal
